{
  "name": "wsy-cli",
  "version": "1.0.0",
  "lockfileVersion": 1,
  "requires": true,
  "dependencies": {
    "@types/commander": {
      "version": "2.12.2",
      "resolved": "https://registry.npm.taobao.org/@types/commander/download/@types/commander-2.12.2.tgz",
      "requires": {
        "commander": "*"
      }
    },
    "@types/inquirer": {
      "version": "7.3.1",
      "resolved": "https://registry.npm.taobao.org/@types/inquirer/download/@types/inquirer-7.3.1.tgz?cache=0&other_urls=https%3A%2F%2Fregistry.npm.taobao.org%2F%40types%2Finquirer%2Fdownload%2F%40types%2Finquirer-7.3.1.tgz",
      "integrity": "sha1-HyMSJOffEcz69M+ay8w7k1/qKS0=",
      "requires": {
        "@types/through": "*",
        "rxjs": "^6.4.0"
      }
    },
    "@types/javascript-state-machine": {
      "version": "2.4.2",
      "resolved": "https://registry.npm.taobao.org/@types/javascript-state-machine/download/@types/javascript-state-machine-2.4.2.tgz",
      "integrity": "sha1-gUdHeLFjgLHH6AN2PLmt6ScsQzs=",
      "dev": true
    },
    "@types/node": {
      "version": "14.14.10",
      "resolved": "https://registry.npm.taobao.org/@types/node/download/@types/node-14.14.10.tgz?cache=0&sync_timestamp=1606763679953&other_urls=https%3A%2F%2Fregistry.npm.taobao.org%2F%40types%2Fnode%2Fdownload%2F%40types%2Fnode-14.14.10.tgz",
      "integrity": "sha1-WVioLkGGPPxx8jB7N0jjSRugN4U="
    },
    "@types/through": {
      "version": "0.0.30",
      "resolved": "https://registry.npm.taobao.org/@types/through/download/@types/through-0.0.30.tgz?cache=0&sync_timestamp=1605057449889&other_urls=https%3A%2F%2Fregistry.npm.taobao.org%2F%40types%2Fthrough%2Fdownload%2F%40types%2Fthrough-0.0.30.tgz",
      "integrity": "sha1-4OQs536Je9aurW9upirrE1uKOJU=",
      "requires": {
        "@types/node": "*"
      }
    },
    "commander": {
      "version": "6.2.0",
      "resolved": "https://registry.npm.taobao.org/commander/download/commander-6.2.0.tgz"
    },
    "rxjs": {
      "version": "6.6.3",
      "resolved": "https://registry.npm.taobao.org/rxjs/download/rxjs-6.6.3.tgz?cache=0&sync_timestamp=1602770935624&other_urls=https%3A%2F%2Fregistry.npm.taobao.org%2Frxjs%2Fdownload%2Frxjs-6.6.3.tgz",
      "integrity": "sha1-jKhGNcTaqQDA05Z6buesYCce5VI=",
      "requires": {
        "tslib": "^1.9.0"
      }
    },
    "tslib": {
      "version": "1.14.1",
      "resolved": "https://registry.npm.taobao.org/tslib/download/tslib-1.14.1.tgz?cache=0&sync_timestamp=1602286854330&other_urls=https%3A%2F%2Fregistry.npm.taobao.org%2Ftslib%2Fdownload%2Ftslib-1.14.1.tgz",
      "integrity": "sha1-zy04vcNKE0vK8QkcQfZhni9nLQA="
    }
  }
}
